
Microsoft Visual Studio Solution File, Format Version 12.00
# Visual Studio 14
VisualStudioVersion = 14.0.24720.0
MinimumVisualStudioVersion = 10.0.40219.1
Project("{2150E333-8FDC-42A3-9474-1A3956D46DE8}") = "_References", "_References", "{FC5D316C-D7B8-4986-9E91-D3784D4A8CBB}"
	ProjectSection(SolutionItems) = preProject
		References\Assembly-CSharp-firstpass.dll = References\Assembly-CSharp-firstpass.dll
		References\Assembly-CSharp.dll = References\Assembly-CSharp.dll
		References\Assembly-UnityScript-firstpass.dll = References\Assembly-UnityScript-firstpass.dll
		References\ColossalManaged.dll = References\ColossalManaged.dll
		References\ICities.dll = References\ICities.dll
		References\Mono.Posix.dll = References\Mono.Posix.dll
		References\Mono.Security.dll = References\Mono.Security.dll
		References\UnityEngine.Analytics.dll = References\UnityEngine.Analytics.dll
		References\UnityEngine.dll = References\UnityEngine.dll
		References\UnityEngine.Networking.dll = References\UnityEngine.Networking.dll
		References\UnityEngine.UI.dll = References\UnityEngine.UI.dll
		References\UnityEngine.xml = References\UnityEngine.xml
	EndProjectSection
EndProject
Project("{FAE04EC0-301F-11D3-BF4B-00C04F79EFBC}") = "ObjUnity3D", "ObjUnity3D\ObjUnity3D.csproj", "{97D70503-6567-41A1-92FC-66D813A53370}"
EndProject
Project("{FAE04EC0-301F-11D3-BF4B-00C04F79EFBC}") = "Transit.Framework.Redirection", "Transit.Framework.Redirection\Transit.Framework.Redirection.csproj", "{7DCC08EF-DC85-47A4-BD6F-79FC52C7EF13}"
	ProjectSection(ProjectDependencies) = postProject
		{DCD9DD56-9C49-4BA9-8F37-7567444FE7CB} = {DCD9DD56-9C49-4BA9-8F37-7567444FE7CB}
	EndProjectSection
EndProject
Project("{FAE04EC0-301F-11D3-BF4B-00C04F79EFBC}") = "Transit.Framework", "Transit.Framework\Transit.Framework.csproj", "{8891467E-C88E-46B0-96F9-4413DF6DC205}"
EndProject
Project("{FAE04EC0-301F-11D3-BF4B-00C04F79EFBC}") = "Transit.Addon.Tools", "Transit.Addon.Tools\Transit.Addon.Tools.csproj", "{4499042E-DCD1-4F9F-A3C8-4830108169CD}"
	ProjectSection(ProjectDependencies) = postProject
		{A700F186-B123-45B5-ADFE-B865DF5A0F39} = {A700F186-B123-45B5-ADFE-B865DF5A0F39}
		{7DCC08EF-DC85-47A4-BD6F-79FC52C7EF13} = {7DCC08EF-DC85-47A4-BD6F-79FC52C7EF13}
	EndProjectSection
EndProject
Project("{FAE04EC0-301F-11D3-BF4B-00C04F79EFBC}") = "Transit.Addon.RoadExtensions", "Transit.Addon.RoadExtensions\Transit.Addon.RoadExtensions.csproj", "{19FA21B2-39CC-4B90-BE7E-B6BDCCB09208}"
EndProject
Project("{FAE04EC0-301F-11D3-BF4B-00C04F79EFBC}") = "Transit.Mod.TAM.Deploy", "Transit.Mod.TAM.Deploy\Transit.Mod.TAM.Deploy.csproj", "{7DFBABEB-DED8-4E16-8AA5-B38C3EF64305}"
	ProjectSection(ProjectDependencies) = postProject
		{97D70503-6567-41A1-92FC-66D813A53370} = {97D70503-6567-41A1-92FC-66D813A53370}
		{65C72736-B189-4144-91BF-1717287BA925} = {65C72736-B189-4144-91BF-1717287BA925}
		{7D1C44DC-79D4-414F-8DED-42E762AFA862} = {7D1C44DC-79D4-414F-8DED-42E762AFA862}
	EndProjectSection
EndProject
Project("{FAE04EC0-301F-11D3-BF4B-00C04F79EFBC}") = "Transit.Mod.NetworkExtensions.Deploy", "Transit.Mod.NetworkExtensions.Deploy\Transit.Mod.NetworkExtensions.Deploy.csproj", "{D2DA5492-3DE6-4E7D-AFF1-BB62C950632D}"
EndProject
Project("{FAE04EC0-301F-11D3-BF4B-00C04F79EFBC}") = "Transit.Mod.NetworkExtensions", "Transit.Mod.NetworkExtensions\Transit.Mod.NetworkExtensions.csproj", "{DCD9DD56-9C49-4BA9-8F37-7567444FE7CB}"
	ProjectSection(ProjectDependencies) = postProject
		{2E44ECA3-D750-4115-B16B-FCA94C49BBA0} = {2E44ECA3-D750-4115-B16B-FCA94C49BBA0}
		{19FA21B2-39CC-4B90-BE7E-B6BDCCB09208} = {19FA21B2-39CC-4B90-BE7E-B6BDCCB09208}
	EndProjectSection
EndProject
Project("{FAE04EC0-301F-11D3-BF4B-00C04F79EFBC}") = "Transit.Framework.Hooks", "Transit.Framework.Hooks\Transit.Framework.Hooks.csproj", "{A700F186-B123-45B5-ADFE-B865DF5A0F39}"
EndProject
Project("{FAE04EC0-301F-11D3-BF4B-00C04F79EFBC}") = "Transit.Framework.ExtensionPoints", "Transit.Framework.ExtensionPoints\Transit.Framework.ExtensionPoints.csproj", "{2E44ECA3-D750-4115-B16B-FCA94C49BBA0}"
	ProjectSection(ProjectDependencies) = postProject
		{8891467E-C88E-46B0-96F9-4413DF6DC205} = {8891467E-C88E-46B0-96F9-4413DF6DC205}
	EndProjectSection
EndProject
Project("{FAE04EC0-301F-11D3-BF4B-00C04F79EFBC}") = "TLM", "TLM\TLM.csproj", "{7422AE58-8B0A-401C-9404-F4A438EFFE10}"
EndProject
Project("{FAE04EC0-301F-11D3-BF4B-00C04F79EFBC}") = "Transit.Addon.ToolsV2", "Transit.Addon.ToolsV2\Transit.Addon.ToolsV2.csproj", "{7D1C44DC-79D4-414F-8DED-42E762AFA862}"
EndProject
Project("{FAE04EC0-301F-11D3-BF4B-00C04F79EFBC}") = "Transit.Addon.TM", "Transit.Addon.TM\Transit.Addon.TM.csproj", "{65C72736-B189-4144-91BF-1717287BA925}"
EndProject
Project("{FAE04EC0-301F-11D3-BF4B-00C04F79EFBC}") = "Transit.Addon.PathFinding", "Transit.Addon.PathFinding\Transit.Addon.PathFinding.csproj", "{41F6975F-A6E2-4166-A840-3EE1A9579F07}"
EndProject
Project("{FAE04EC0-301F-11D3-BF4B-00C04F79EFBC}") = "Transit.Addon.TMLegacy", "Transit.Addon.TMLegacy\Transit.Addon.TMLegacy.csproj", "{C6FB53C5-223F-4CEE-863D-63F3237F058A}"
EndProject
Project("{FAE04EC0-301F-11D3-BF4B-00C04F79EFBC}") = "Transit.Mod.TAM", "Transit.Mod.TAM\Transit.Mod.TAM.csproj", "{80C47696-4D41-4BB6-9CAE-C477FE528ADF}"
EndProject
Project("{2150E333-8FDC-42A3-9474-1A3956D46DE8}") = "Framework", "Framework", "{00CFBE1D-2CA4-4FE4-90D3-7B814C54B5C6}"
EndProject
Project("{2150E333-8FDC-42A3-9474-1A3956D46DE8}") = "Addons", "Addons", "{44C3ED13-2F95-49A4-8BD2-4425FDFB3C94}"
EndProject
Project("{2150E333-8FDC-42A3-9474-1A3956D46DE8}") = "_Externals", "_Externals", "{92382101-2884-4C2D-B526-06559E720D85}"
EndProject
Global
	GlobalSection(SolutionConfigurationPlatforms) = preSolution
		Debug|Any CPU = Debug|Any CPU
		Debug|ARM = Debug|ARM
		Debug|x64 = Debug|x64
		Debug|x86 = Debug|x86
		Release|Any CPU = Release|Any CPU
		Release|ARM = Release|ARM
		Release|x64 = Release|x64
		Release|x86 = Release|x86
	EndGlobalSection
	GlobalSection(ProjectConfigurationPlatforms) = postSolution
		{97D70503-6567-41A1-92FC-66D813A53370}.Debug|Any CPU.ActiveCfg = Debug|Any CPU
		{97D70503-6567-41A1-92FC-66D813A53370}.Debug|Any CPU.Build.0 = Debug|Any CPU
		{97D70503-6567-41A1-92FC-66D813A53370}.Debug|ARM.ActiveCfg = Debug|Any CPU
		{97D70503-6567-41A1-92FC-66D813A53370}.Debug|x64.ActiveCfg = Debug|Any CPU
		{97D70503-6567-41A1-92FC-66D813A53370}.Debug|x86.ActiveCfg = Debug|Any CPU
		{97D70503-6567-41A1-92FC-66D813A53370}.Release|Any CPU.ActiveCfg = Release|Any CPU
		{97D70503-6567-41A1-92FC-66D813A53370}.Release|Any CPU.Build.0 = Release|Any CPU
		{97D70503-6567-41A1-92FC-66D813A53370}.Release|ARM.ActiveCfg = Release|Any CPU
		{97D70503-6567-41A1-92FC-66D813A53370}.Release|x64.ActiveCfg = Release|Any CPU
		{97D70503-6567-41A1-92FC-66D813A53370}.Release|x86.ActiveCfg = Release|Any CPU
		{7DCC08EF-DC85-47A4-BD6F-79FC52C7EF13}.Debug|Any CPU.ActiveCfg = Debug|Any CPU
		{7DCC08EF-DC85-47A4-BD6F-79FC52C7EF13}.Debug|Any CPU.Build.0 = Debug|Any CPU
		{7DCC08EF-DC85-47A4-BD6F-79FC52C7EF13}.Debug|ARM.ActiveCfg = Debug|Any CPU
		{7DCC08EF-DC85-47A4-BD6F-79FC52C7EF13}.Debug|x64.ActiveCfg = Debug|Any CPU
		{7DCC08EF-DC85-47A4-BD6F-79FC52C7EF13}.Debug|x86.ActiveCfg = Debug|Any CPU
		{7DCC08EF-DC85-47A4-BD6F-79FC52C7EF13}.Release|Any CPU.ActiveCfg = Release|Any CPU
		{7DCC08EF-DC85-47A4-BD6F-79FC52C7EF13}.Release|Any CPU.Build.0 = Release|Any CPU
		{7DCC08EF-DC85-47A4-BD6F-79FC52C7EF13}.Release|ARM.ActiveCfg = Release|Any CPU
		{7DCC08EF-DC85-47A4-BD6F-79FC52C7EF13}.Release|x64.ActiveCfg = Release|Any CPU
		{7DCC08EF-DC85-47A4-BD6F-79FC52C7EF13}.Release|x86.ActiveCfg = Release|Any CPU
		{8891467E-C88E-46B0-96F9-4413DF6DC205}.Debug|Any CPU.ActiveCfg = Debug|Any CPU
		{8891467E-C88E-46B0-96F9-4413DF6DC205}.Debug|Any CPU.Build.0 = Debug|Any CPU
		{8891467E-C88E-46B0-96F9-4413DF6DC205}.Debug|ARM.ActiveCfg = Debug|Any CPU
		{8891467E-C88E-46B0-96F9-4413DF6DC205}.Debug|x64.ActiveCfg = Debug|Any CPU
		{8891467E-C88E-46B0-96F9-4413DF6DC205}.Debug|x86.ActiveCfg = Debug|Any CPU
		{8891467E-C88E-46B0-96F9-4413DF6DC205}.Release|Any CPU.ActiveCfg = Release|Any CPU
		{8891467E-C88E-46B0-96F9-4413DF6DC205}.Release|Any CPU.Build.0 = Release|Any CPU
		{8891467E-C88E-46B0-96F9-4413DF6DC205}.Release|ARM.ActiveCfg = Release|Any CPU
		{8891467E-C88E-46B0-96F9-4413DF6DC205}.Release|x64.ActiveCfg = Release|Any CPU
		{8891467E-C88E-46B0-96F9-4413DF6DC205}.Release|x86.ActiveCfg = Release|Any CPU
		{4499042E-DCD1-4F9F-A3C8-4830108169CD}.Debug|Any CPU.ActiveCfg = Debug|Any CPU
		{4499042E-DCD1-4F9F-A3C8-4830108169CD}.Debug|Any CPU.Build.0 = Debug|Any CPU
		{4499042E-DCD1-4F9F-A3C8-4830108169CD}.Debug|ARM.ActiveCfg = Debug|Any CPU
		{4499042E-DCD1-4F9F-A3C8-4830108169CD}.Debug|x64.ActiveCfg = Debug|Any CPU
		{4499042E-DCD1-4F9F-A3C8-4830108169CD}.Debug|x86.ActiveCfg = Debug|Any CPU
		{4499042E-DCD1-4F9F-A3C8-4830108169CD}.Release|Any CPU.ActiveCfg = Release|Any CPU
		{4499042E-DCD1-4F9F-A3C8-4830108169CD}.Release|Any CPU.Build.0 = Release|Any CPU
		{4499042E-DCD1-4F9F-A3C8-4830108169CD}.Release|ARM.ActiveCfg = Release|Any CPU
		{4499042E-DCD1-4F9F-A3C8-4830108169CD}.Release|x64.ActiveCfg = Release|Any CPU
		{4499042E-DCD1-4F9F-A3C8-4830108169CD}.Release|x86.ActiveCfg = Release|Any CPU
		{19FA21B2-39CC-4B90-BE7E-B6BDCCB09208}.Debug|Any CPU.ActiveCfg = Debug|Any CPU
		{19FA21B2-39CC-4B90-BE7E-B6BDCCB09208}.Debug|Any CPU.Build.0 = Debug|Any CPU
		{19FA21B2-39CC-4B90-BE7E-B6BDCCB09208}.Debug|ARM.ActiveCfg = Debug|Any CPU
		{19FA21B2-39CC-4B90-BE7E-B6BDCCB09208}.Debug|x64.ActiveCfg = Debug|Any CPU
		{19FA21B2-39CC-4B90-BE7E-B6BDCCB09208}.Debug|x86.ActiveCfg = Debug|Any CPU
		{19FA21B2-39CC-4B90-BE7E-B6BDCCB09208}.Release|Any CPU.ActiveCfg = Release|Any CPU
		{19FA21B2-39CC-4B90-BE7E-B6BDCCB09208}.Release|Any CPU.Build.0 = Release|Any CPU
		{19FA21B2-39CC-4B90-BE7E-B6BDCCB09208}.Release|ARM.ActiveCfg = Release|Any CPU
		{19FA21B2-39CC-4B90-BE7E-B6BDCCB09208}.Release|x64.ActiveCfg = Release|Any CPU
		{19FA21B2-39CC-4B90-BE7E-B6BDCCB09208}.Release|x86.ActiveCfg = Release|Any CPU
		{7DFBABEB-DED8-4E16-8AA5-B38C3EF64305}.Debug|Any CPU.ActiveCfg = Debug|Any CPU
		{7DFBABEB-DED8-4E16-8AA5-B38C3EF64305}.Debug|Any CPU.Build.0 = Debug|Any CPU
		{7DFBABEB-DED8-4E16-8AA5-B38C3EF64305}.Debug|ARM.ActiveCfg = Debug|Any CPU
		{7DFBABEB-DED8-4E16-8AA5-B38C3EF64305}.Debug|x64.ActiveCfg = Debug|Any CPU
		{7DFBABEB-DED8-4E16-8AA5-B38C3EF64305}.Debug|x86.ActiveCfg = Debug|Any CPU
		{7DFBABEB-DED8-4E16-8AA5-B38C3EF64305}.Release|Any CPU.ActiveCfg = Release|Any CPU
		{7DFBABEB-DED8-4E16-8AA5-B38C3EF64305}.Release|Any CPU.Build.0 = Release|Any CPU
		{7DFBABEB-DED8-4E16-8AA5-B38C3EF64305}.Release|ARM.ActiveCfg = Release|Any CPU
		{7DFBABEB-DED8-4E16-8AA5-B38C3EF64305}.Release|x64.ActiveCfg = Release|Any CPU
		{7DFBABEB-DED8-4E16-8AA5-B38C3EF64305}.Release|x86.ActiveCfg = Release|Any CPU
		{D2DA5492-3DE6-4E7D-AFF1-BB62C950632D}.Debug|Any CPU.ActiveCfg = Debug|Any CPU
		{D2DA5492-3DE6-4E7D-AFF1-BB62C950632D}.Debug|Any CPU.Build.0 = Debug|Any CPU
		{D2DA5492-3DE6-4E7D-AFF1-BB62C950632D}.Debug|ARM.ActiveCfg = Debug|Any CPU
		{D2DA5492-3DE6-4E7D-AFF1-BB62C950632D}.Debug|x64.ActiveCfg = Debug|Any CPU
		{D2DA5492-3DE6-4E7D-AFF1-BB62C950632D}.Debug|x86.ActiveCfg = Debug|Any CPU
		{D2DA5492-3DE6-4E7D-AFF1-BB62C950632D}.Release|Any CPU.ActiveCfg = Release|Any CPU
		{D2DA5492-3DE6-4E7D-AFF1-BB62C950632D}.Release|Any CPU.Build.0 = Release|Any CPU
		{D2DA5492-3DE6-4E7D-AFF1-BB62C950632D}.Release|ARM.ActiveCfg = Release|Any CPU
		{D2DA5492-3DE6-4E7D-AFF1-BB62C950632D}.Release|x64.ActiveCfg = Release|Any CPU
		{D2DA5492-3DE6-4E7D-AFF1-BB62C950632D}.Release|x86.ActiveCfg = Release|Any CPU
		{DCD9DD56-9C49-4BA9-8F37-7567444FE7CB}.Debug|Any CPU.ActiveCfg = Debug|Any CPU
		{DCD9DD56-9C49-4BA9-8F37-7567444FE7CB}.Debug|Any CPU.Build.0 = Debug|Any CPU
		{DCD9DD56-9C49-4BA9-8F37-7567444FE7CB}.Debug|ARM.ActiveCfg = Debug|Any CPU
		{DCD9DD56-9C49-4BA9-8F37-7567444FE7CB}.Debug|x64.ActiveCfg = Debug|Any CPU
		{DCD9DD56-9C49-4BA9-8F37-7567444FE7CB}.Debug|x86.ActiveCfg = Debug|Any CPU
		{DCD9DD56-9C49-4BA9-8F37-7567444FE7CB}.Release|Any CPU.ActiveCfg = Release|Any CPU
		{DCD9DD56-9C49-4BA9-8F37-7567444FE7CB}.Release|Any CPU.Build.0 = Release|Any CPU
		{DCD9DD56-9C49-4BA9-8F37-7567444FE7CB}.Release|ARM.ActiveCfg = Release|Any CPU
		{DCD9DD56-9C49-4BA9-8F37-7567444FE7CB}.Release|x64.ActiveCfg = Release|Any CPU
		{DCD9DD56-9C49-4BA9-8F37-7567444FE7CB}.Release|x86.ActiveCfg = Release|Any CPU
		{A700F186-B123-45B5-ADFE-B865DF5A0F39}.Debug|Any CPU.ActiveCfg = Debug|Any CPU
		{A700F186-B123-45B5-ADFE-B865DF5A0F39}.Debug|Any CPU.Build.0 = Debug|Any CPU
		{A700F186-B123-45B5-ADFE-B865DF5A0F39}.Debug|ARM.ActiveCfg = Debug|Any CPU
		{A700F186-B123-45B5-ADFE-B865DF5A0F39}.Debug|x64.ActiveCfg = Debug|Any CPU
		{A700F186-B123-45B5-ADFE-B865DF5A0F39}.Debug|x86.ActiveCfg = Debug|Any CPU
		{A700F186-B123-45B5-ADFE-B865DF5A0F39}.Release|Any CPU.ActiveCfg = Release|Any CPU
		{A700F186-B123-45B5-ADFE-B865DF5A0F39}.Release|Any CPU.Build.0 = Release|Any CPU
		{A700F186-B123-45B5-ADFE-B865DF5A0F39}.Release|ARM.ActiveCfg = Release|Any CPU
		{A700F186-B123-45B5-ADFE-B865DF5A0F39}.Release|x64.ActiveCfg = Release|Any CPU
		{A700F186-B123-45B5-ADFE-B865DF5A0F39}.Release|x86.ActiveCfg = Release|Any CPU
		{2E44ECA3-D750-4115-B16B-FCA94C49BBA0}.Debug|Any CPU.ActiveCfg = Debug|Any CPU
		{2E44ECA3-D750-4115-B16B-FCA94C49BBA0}.Debug|Any CPU.Build.0 = Debug|Any CPU
		{2E44ECA3-D750-4115-B16B-FCA94C49BBA0}.Debug|ARM.ActiveCfg = Debug|Any CPU
		{2E44ECA3-D750-4115-B16B-FCA94C49BBA0}.Debug|x64.ActiveCfg = Debug|Any CPU
		{2E44ECA3-D750-4115-B16B-FCA94C49BBA0}.Debug|x86.ActiveCfg = Debug|Any CPU
		{2E44ECA3-D750-4115-B16B-FCA94C49BBA0}.Release|Any CPU.ActiveCfg = Release|Any CPU
		{2E44ECA3-D750-4115-B16B-FCA94C49BBA0}.Release|Any CPU.Build.0 = Release|Any CPU
		{2E44ECA3-D750-4115-B16B-FCA94C49BBA0}.Release|ARM.ActiveCfg = Release|Any CPU
		{2E44ECA3-D750-4115-B16B-FCA94C49BBA0}.Release|x64.ActiveCfg = Release|Any CPU
		{2E44ECA3-D750-4115-B16B-FCA94C49BBA0}.Release|x86.ActiveCfg = Release|Any CPU
		{7422AE58-8B0A-401C-9404-F4A438EFFE10}.Debug|Any CPU.ActiveCfg = Debug|Any CPU
		{7422AE58-8B0A-401C-9404-F4A438EFFE10}.Debug|Any CPU.Build.0 = Debug|Any CPU
		{7422AE58-8B0A-401C-9404-F4A438EFFE10}.Debug|ARM.ActiveCfg = Debug|Any CPU
		{7422AE58-8B0A-401C-9404-F4A438EFFE10}.Debug|ARM.Build.0 = Debug|Any CPU
		{7422AE58-8B0A-401C-9404-F4A438EFFE10}.Debug|x64.ActiveCfg = Debug|Any CPU
		{7422AE58-8B0A-401C-9404-F4A438EFFE10}.Debug|x64.Build.0 = Debug|Any CPU
		{7422AE58-8B0A-401C-9404-F4A438EFFE10}.Debug|x86.ActiveCfg = Debug|Any CPU
		{7422AE58-8B0A-401C-9404-F4A438EFFE10}.Debug|x86.Build.0 = Debug|Any CPU
		{7422AE58-8B0A-401C-9404-F4A438EFFE10}.Release|Any CPU.ActiveCfg = Release|Any CPU
		{7422AE58-8B0A-401C-9404-F4A438EFFE10}.Release|Any CPU.Build.0 = Release|Any CPU
		{7422AE58-8B0A-401C-9404-F4A438EFFE10}.Release|ARM.ActiveCfg = Release|Any CPU
		{7422AE58-8B0A-401C-9404-F4A438EFFE10}.Release|ARM.Build.0 = Release|Any CPU
		{7422AE58-8B0A-401C-9404-F4A438EFFE10}.Release|x64.ActiveCfg = Release|Any CPU
		{7422AE58-8B0A-401C-9404-F4A438EFFE10}.Release|x64.Build.0 = Release|Any CPU
		{7422AE58-8B0A-401C-9404-F4A438EFFE10}.Release|x86.ActiveCfg = Release|Any CPU
		{7422AE58-8B0A-401C-9404-F4A438EFFE10}.Release|x86.Build.0 = Release|Any CPU
		{7D1C44DC-79D4-414F-8DED-42E762AFA862}.Debug|Any CPU.ActiveCfg = Debug|Any CPU
		{7D1C44DC-79D4-414F-8DED-42E762AFA862}.Debug|Any CPU.Build.0 = Debug|Any CPU
		{7D1C44DC-79D4-414F-8DED-42E762AFA862}.Debug|ARM.ActiveCfg = Debug|Any CPU
		{7D1C44DC-79D4-414F-8DED-42E762AFA862}.Debug|ARM.Build.0 = Debug|Any CPU
		{7D1C44DC-79D4-414F-8DED-42E762AFA862}.Debug|x64.ActiveCfg = Debug|Any CPU
		{7D1C44DC-79D4-414F-8DED-42E762AFA862}.Debug|x64.Build.0 = Debug|Any CPU
		{7D1C44DC-79D4-414F-8DED-42E762AFA862}.Debug|x86.ActiveCfg = Debug|Any CPU
		{7D1C44DC-79D4-414F-8DED-42E762AFA862}.Debug|x86.Build.0 = Debug|Any CPU
		{7D1C44DC-79D4-414F-8DED-42E762AFA862}.Release|Any CPU.ActiveCfg = Release|Any CPU
		{7D1C44DC-79D4-414F-8DED-42E762AFA862}.Release|Any CPU.Build.0 = Release|Any CPU
		{7D1C44DC-79D4-414F-8DED-42E762AFA862}.Release|ARM.ActiveCfg = Release|Any CPU
		{7D1C44DC-79D4-414F-8DED-42E762AFA862}.Release|ARM.Build.0 = Release|Any CPU
		{7D1C44DC-79D4-414F-8DED-42E762AFA862}.Release|x64.ActiveCfg = Release|Any CPU
		{7D1C44DC-79D4-414F-8DED-42E762AFA862}.Release|x64.Build.0 = Release|Any CPU
		{7D1C44DC-79D4-414F-8DED-42E762AFA862}.Release|x86.ActiveCfg = Release|Any CPU
		{7D1C44DC-79D4-414F-8DED-42E762AFA862}.Release|x86.Build.0 = Release|Any CPU
		{65C72736-B189-4144-91BF-1717287BA925}.Debug|Any CPU.ActiveCfg = Debug|Any CPU
		{65C72736-B189-4144-91BF-1717287BA925}.Debug|Any CPU.Build.0 = Debug|Any CPU
		{65C72736-B189-4144-91BF-1717287BA925}.Debug|ARM.ActiveCfg = Debug|Any CPU
		{65C72736-B189-4144-91BF-1717287BA925}.Debug|ARM.Build.0 = Debug|Any CPU
		{65C72736-B189-4144-91BF-1717287BA925}.Debug|x64.ActiveCfg = Debug|Any CPU
		{65C72736-B189-4144-91BF-1717287BA925}.Debug|x64.Build.0 = Debug|Any CPU
		{65C72736-B189-4144-91BF-1717287BA925}.Debug|x86.ActiveCfg = Debug|Any CPU
		{65C72736-B189-4144-91BF-1717287BA925}.Debug|x86.Build.0 = Debug|Any CPU
		{65C72736-B189-4144-91BF-1717287BA925}.Release|Any CPU.ActiveCfg = Release|Any CPU
		{65C72736-B189-4144-91BF-1717287BA925}.Release|Any CPU.Build.0 = Release|Any CPU
		{65C72736-B189-4144-91BF-1717287BA925}.Release|ARM.ActiveCfg = Release|Any CPU
		{65C72736-B189-4144-91BF-1717287BA925}.Release|ARM.Build.0 = Release|Any CPU
		{65C72736-B189-4144-91BF-1717287BA925}.Release|x64.ActiveCfg = Release|Any CPU
		{65C72736-B189-4144-91BF-1717287BA925}.Release|x64.Build.0 = Release|Any CPU
		{65C72736-B189-4144-91BF-1717287BA925}.Release|x86.ActiveCfg = Release|Any CPU
		{65C72736-B189-4144-91BF-1717287BA925}.Release|x86.Build.0 = Release|Any CPU
		{41F6975F-A6E2-4166-A840-3EE1A9579F07}.Debug|Any CPU.ActiveCfg = Debug|Any CPU
		{41F6975F-A6E2-4166-A840-3EE1A9579F07}.Debug|Any CPU.Build.0 = Debug|Any CPU
		{41F6975F-A6E2-4166-A840-3EE1A9579F07}.Debug|ARM.ActiveCfg = Debug|Any CPU
		{41F6975F-A6E2-4166-A840-3EE1A9579F07}.Debug|ARM.Build.0 = Debug|Any CPU
		{41F6975F-A6E2-4166-A840-3EE1A9579F07}.Debug|x64.ActiveCfg = Debug|Any CPU
		{41F6975F-A6E2-4166-A840-3EE1A9579F07}.Debug|x64.Build.0 = Debug|Any CPU
		{41F6975F-A6E2-4166-A840-3EE1A9579F07}.Debug|x86.ActiveCfg = Debug|Any CPU
		{41F6975F-A6E2-4166-A840-3EE1A9579F07}.Debug|x86.Build.0 = Debug|Any CPU
		{41F6975F-A6E2-4166-A840-3EE1A9579F07}.Release|Any CPU.ActiveCfg = Release|Any CPU
		{41F6975F-A6E2-4166-A840-3EE1A9579F07}.Release|Any CPU.Build.0 = Release|Any CPU
		{41F6975F-A6E2-4166-A840-3EE1A9579F07}.Release|ARM.ActiveCfg = Release|Any CPU
		{41F6975F-A6E2-4166-A840-3EE1A9579F07}.Release|ARM.Build.0 = Release|Any CPU
		{41F6975F-A6E2-4166-A840-3EE1A9579F07}.Release|x64.ActiveCfg = Release|Any CPU
		{41F6975F-A6E2-4166-A840-3EE1A9579F07}.Release|x64.Build.0 = Release|Any CPU
		{41F6975F-A6E2-4166-A840-3EE1A9579F07}.Release|x86.ActiveCfg = Release|Any CPU
		{41F6975F-A6E2-4166-A840-3EE1A9579F07}.Release|x86.Build.0 = Release|Any CPU
		{C6FB53C5-223F-4CEE-863D-63F3237F058A}.Debug|Any CPU.ActiveCfg = Debug|Any CPU
		{C6FB53C5-223F-4CEE-863D-63F3237F058A}.Debug|Any CPU.Build.0 = Debug|Any CPU
		{C6FB53C5-223F-4CEE-863D-63F3237F058A}.Debug|ARM.ActiveCfg = Debug|Any CPU
		{C6FB53C5-223F-4CEE-863D-63F3237F058A}.Debug|ARM.Build.0 = Debug|Any CPU
		{C6FB53C5-223F-4CEE-863D-63F3237F058A}.Debug|x64.ActiveCfg = Debug|Any CPU
		{C6FB53C5-223F-4CEE-863D-63F3237F058A}.Debug|x64.Build.0 = Debug|Any CPU
		{C6FB53C5-223F-4CEE-863D-63F3237F058A}.Debug|x86.ActiveCfg = Debug|Any CPU
		{C6FB53C5-223F-4CEE-863D-63F3237F058A}.Debug|x86.Build.0 = Debug|Any CPU
		{C6FB53C5-223F-4CEE-863D-63F3237F058A}.Release|Any CPU.ActiveCfg = Release|Any CPU
		{C6FB53C5-223F-4CEE-863D-63F3237F058A}.Release|Any CPU.Build.0 = Release|Any CPU
		{C6FB53C5-223F-4CEE-863D-63F3237F058A}.Release|ARM.ActiveCfg = Release|Any CPU
		{C6FB53C5-223F-4CEE-863D-63F3237F058A}.Release|ARM.Build.0 = Release|Any CPU
		{C6FB53C5-223F-4CEE-863D-63F3237F058A}.Release|x64.ActiveCfg = Release|Any CPU
		{C6FB53C5-223F-4CEE-863D-63F3237F058A}.Release|x64.Build.0 = Release|Any CPU
		{C6FB53C5-223F-4CEE-863D-63F3237F058A}.Release|x86.ActiveCfg = Release|Any CPU
		{C6FB53C5-223F-4CEE-863D-63F3237F058A}.Release|x86.Build.0 = Release|Any CPU
		{80C47696-4D41-4BB6-9CAE-C477FE528ADF}.Debug|Any CPU.ActiveCfg = Debug|Any CPU
		{80C47696-4D41-4BB6-9CAE-C477FE528ADF}.Debug|Any CPU.Build.0 = Debug|Any CPU
		{80C47696-4D41-4BB6-9CAE-C477FE528ADF}.Debug|ARM.ActiveCfg = Debug|Any CPU
		{80C47696-4D41-4BB6-9CAE-C477FE528ADF}.Debug|ARM.Build.0 = Debug|Any CPU
		{80C47696-4D41-4BB6-9CAE-C477FE528ADF}.Debug|x64.ActiveCfg = Debug|Any CPU
		{80C47696-4D41-4BB6-9CAE-C477FE528ADF}.Debug|x64.Build.0 = Debug|Any CPU
		{80C47696-4D41-4BB6-9CAE-C477FE528ADF}.Debug|x86.ActiveCfg = Debug|Any CPU
		{80C47696-4D41-4BB6-9CAE-C477FE528ADF}.Debug|x86.Build.0 = Debug|Any CPU
		{80C47696-4D41-4BB6-9CAE-C477FE528ADF}.Release|Any CPU.ActiveCfg = Release|Any CPU
		{80C47696-4D41-4BB6-9CAE-C477FE528ADF}.Release|Any CPU.Build.0 = Release|Any CPU
		{80C47696-4D41-4BB6-9CAE-C477FE528ADF}.Release|ARM.ActiveCfg = Release|Any CPU
		{80C47696-4D41-4BB6-9CAE-C477FE528ADF}.Release|ARM.Build.0 = Release|Any CPU
		{80C47696-4D41-4BB6-9CAE-C477FE528ADF}.Release|x64.ActiveCfg = Release|Any CPU
		{80C47696-4D41-4BB6-9CAE-C477FE528ADF}.Release|x64.Build.0 = Release|Any CPU
		{80C47696-4D41-4BB6-9CAE-C477FE528ADF}.Release|x86.ActiveCfg = Release|Any CPU
		{80C47696-4D41-4BB6-9CAE-C477FE528ADF}.Release|x86.Build.0 = Release|Any CPU
	EndGlobalSection
	GlobalSection(SolutionProperties) = preSolution
		HideSolutionNode = FALSE
	EndGlobalSection
	GlobalSection(NestedProjects) = preSolution
		{97D70503-6567-41A1-92FC-66D813A53370} = {92382101-2884-4C2D-B526-06559E720D85}
		{7DCC08EF-DC85-47A4-BD6F-79FC52C7EF13} = {00CFBE1D-2CA4-4FE4-90D3-7B814C54B5C6}
		{8891467E-C88E-46B0-96F9-4413DF6DC205} = {00CFBE1D-2CA4-4FE4-90D3-7B814C54B5C6}
		{4499042E-DCD1-4F9F-A3C8-4830108169CD} = {44C3ED13-2F95-49A4-8BD2-4425FDFB3C94}
		{19FA21B2-39CC-4B90-BE7E-B6BDCCB09208} = {44C3ED13-2F95-49A4-8BD2-4425FDFB3C94}
		{A700F186-B123-45B5-ADFE-B865DF5A0F39} = {00CFBE1D-2CA4-4FE4-90D3-7B814C54B5C6}
		{2E44ECA3-D750-4115-B16B-FCA94C49BBA0} = {00CFBE1D-2CA4-4FE4-90D3-7B814C54B5C6}
		{7D1C44DC-79D4-414F-8DED-42E762AFA862} = {44C3ED13-2F95-49A4-8BD2-4425FDFB3C94}
		{65C72736-B189-4144-91BF-1717287BA925} = {44C3ED13-2F95-49A4-8BD2-4425FDFB3C94}
		{41F6975F-A6E2-4166-A840-3EE1A9579F07} = {44C3ED13-2F95-49A4-8BD2-4425FDFB3C94}
		{C6FB53C5-223F-4CEE-863D-63F3237F058A} = {44C3ED13-2F95-49A4-8BD2-4425FDFB3C94}
	EndGlobalSection
EndGlobal
