
Microsoft Visual Studio Solution File, Format Version 12.00
# Visual Studio Version 17
VisualStudioVersion = 17.0.32126.317
MinimumVisualStudioVersion = 10.0.40219.1
Project("{FAE04EC0-301F-11D3-BF4B-00C04F79EFBC}") = "NetworkExtensions2", "NetworkExtensions2\NetworkExtensions2.csproj", "{2D3B89B2-5C70-458F-B3E8-3A3A6898646D}"
EndProject
Global
	GlobalSection(SolutionConfigurationPlatforms) = preSolution
		Debug|Any CPU = Debug|Any CPU
		Release|Any CPU = Release|Any CPU
	EndGlobalSection
	GlobalSection(ProjectConfigurationPlatforms) = postSolution
		{2D3B89B2-5C70-458F-B3E8-3A3A6898646D}.Debug|Any CPU.ActiveCfg = Debug|Any CPU
		{2D3B89B2-5C70-458F-B3E8-3A3A6898646D}.Debug|Any CPU.Build.0 = Debug|Any CPU
		{2D3B89B2-5C70-458F-B3E8-3A3A6898646D}.Release|Any CPU.ActiveCfg = Release|Any CPU
		{2D3B89B2-5C70-458F-B3E8-3A3A6898646D}.Release|Any CPU.Build.0 = Release|Any CPU
	EndGlobalSection
	GlobalSection(SolutionProperties) = preSolution
		HideSolutionNode = FALSE
	EndGlobalSection
	GlobalSection(ExtensibilityGlobals) = postSolution
		SolutionGuid = {CA6D43CE-8EE4-4B1E-9493-A81933614ADA}
	EndGlobalSection
EndGlobal
